// !$*UTF8*$!
{
	archiveVersion = 1;
	classes = {
	};
	objectVersion = 56;
	objects = {

/* Begin PBXBuildFile section */
		5E2A3CE42B2B68390091D200 /* main.swift in Sources */ = {isa = PBXBuildFile; fileRef = 5E2A3CE32B2B68390091D200 /* main.swift */; };
		5E2A3CF12B2B68520091D200 /* PackageDeliveryTests.swift in Sources */ = {isa = PBXBuildFile; fileRef = 5E2A3CF02B2B68520091D200 /* PackageDeliveryTests.swift */; };
		5E2A3CF72B2C587D0091D200 /* Offer.swift in Sources */ = {isa = PBXBuildFile; fileRef = 5E2A3CF62B2C587D0091D200 /* Offer.swift */; };
		5E2A3CF92B2C58AF0091D200 /* PackageInfo.swift in Sources */ = {isa = PBXBuildFile; fileRef = 5E2A3CF82B2C58AF0091D200 /* PackageInfo.swift */; };
		5E2A3CFB2B2C5B4D0091D200 /* PackageCost.swift in Sources */ = {isa = PBXBuildFile; fileRef = 5E2A3CFA2B2C5B4D0091D200 /* PackageCost.swift */; };
		5ECFDFB72B2FE98B0009A6B9 /* main.swift in Sources */ = {isa = PBXBuildFile; fileRef = 5E2A3CE32B2B68390091D200 /* main.swift */; };
		5ECFDFC02B3025940009A6B9 /* ErrorHandler.swift in Sources */ = {isa = PBXBuildFile; fileRef = 5ECFDFBF2B3025940009A6B9 /* ErrorHandler.swift */; };
		5ECFDFC22B3026B10009A6B9 /* MockErrorHandler.swift in Sources */ = {isa = PBXBuildFile; fileRef = 5ECFDFC12B3026B10009A6B9 /* MockErrorHandler.swift */; };
		5ECFDFC32B3026B90009A6B9 /* ErrorHandler.swift in Sources */ = {isa = PBXBuildFile; fileRef = 5ECFDFBF2B3025940009A6B9 /* ErrorHandler.swift */; };
		5ECFDFC42B3026BC0009A6B9 /* Offer.swift in Sources */ = {isa = PBXBuildFile; fileRef = 5E2A3CF62B2C587D0091D200 /* Offer.swift */; };
		5ECFDFC52B3026BE0009A6B9 /* PackageInfo.swift in Sources */ = {isa = PBXBuildFile; fileRef = 5E2A3CF82B2C58AF0091D200 /* PackageInfo.swift */; };
		5ECFDFC62B3026BF0009A6B9 /* PackageCost.swift in Sources */ = {isa = PBXBuildFile; fileRef = 5E2A3CFA2B2C5B4D0091D200 /* PackageCost.swift */; };
		5ECFDFC92B3038880009A6B9 /* MockDiscountManager.swift in Sources */ = {isa = PBXBuildFile; fileRef = 5ECFDFC82B3038880009A6B9 /* MockDiscountManager.swift */; };
		5ECFDFCB2B3038960009A6B9 /* DiscountManager.swift in Sources */ = {isa = PBXBuildFile; fileRef = 5ECFDFCA2B3038960009A6B9 /* DiscountManager.swift */; };
		5ECFDFCC2B303AA30009A6B9 /* DiscountManager.swift in Sources */ = {isa = PBXBuildFile; fileRef = 5ECFDFCA2B3038960009A6B9 /* DiscountManager.swift */; };
		5ECFDFCE2B303C610009A6B9 /* DiscountManagerTests.swift in Sources */ = {isa = PBXBuildFile; fileRef = 5ECFDFCD2B303C610009A6B9 /* DiscountManagerTests.swift */; };
		5ECFDFD02B304E490009A6B9 /* CostManagerTests.swift in Sources */ = {isa = PBXBuildFile; fileRef = 5ECFDFCF2B304E490009A6B9 /* CostManagerTests.swift */; };
		5ECFDFD22B304EAD0009A6B9 /* CostManager.swift in Sources */ = {isa = PBXBuildFile; fileRef = 5ECFDFD12B304EAD0009A6B9 /* CostManager.swift */; };
		5ECFDFD32B304EAD0009A6B9 /* CostManager.swift in Sources */ = {isa = PBXBuildFile; fileRef = 5ECFDFD12B304EAD0009A6B9 /* CostManager.swift */; };
/* End PBXBuildFile section */

/* Begin PBXContainerItemProxy section */
		5E2A3CFC2B2FE7AF0091D200 /* PBXContainerItemProxy */ = {
			isa = PBXContainerItemProxy;
			containerPortal = 5E2A3CD82B2B68390091D200 /* Project object */;
			proxyType = 1;
			remoteGlobalIDString = 5E2A3CDF2B2B68390091D200;
			remoteInfo = EverestPackageDeliveryCLI;
		};
/* End PBXContainerItemProxy section */

/* Begin PBXCopyFilesBuildPhase section */
		5E2A3CDE2B2B68390091D200 /* CopyFiles */ = {
			isa = PBXCopyFilesBuildPhase;
			buildActionMask = 2147483647;
			dstPath = /usr/share/man/man1/;
			dstSubfolderSpec = 0;
			files = (
			);
			runOnlyForDeploymentPostprocessing = 1;
		};
/* End PBXCopyFilesBuildPhase section */

/* Begin PBXFileReference section */
		5E2A3CE02B2B68390091D200 /* EverestPackageDeliveryCLI */ = {isa = PBXFileReference; explicitFileType = "compiled.mach-o.executable"; includeInIndex = 0; path = EverestPackageDeliveryCLI; sourceTree = BUILT_PRODUCTS_DIR; };
		5E2A3CE32B2B68390091D200 /* main.swift */ = {isa = PBXFileReference; lastKnownFileType = sourcecode.swift; path = main.swift; sourceTree = "<group>"; };
		5E2A3CEE2B2B68520091D200 /* EverestPackageDeliveryCLITests.xctest */ = {isa = PBXFileReference; explicitFileType = wrapper.cfbundle; includeInIndex = 0; path = EverestPackageDeliveryCLITests.xctest; sourceTree = BUILT_PRODUCTS_DIR; };
		5E2A3CF02B2B68520091D200 /* PackageDeliveryTests.swift */ = {isa = PBXFileReference; lastKnownFileType = sourcecode.swift; path = PackageDeliveryTests.swift; sourceTree = "<group>"; };
		5E2A3CF62B2C587D0091D200 /* Offer.swift */ = {isa = PBXFileReference; lastKnownFileType = sourcecode.swift; path = Offer.swift; sourceTree = "<group>"; };
		5E2A3CF82B2C58AF0091D200 /* PackageInfo.swift */ = {isa = PBXFileReference; lastKnownFileType = sourcecode.swift; path = PackageInfo.swift; sourceTree = "<group>"; };
		5E2A3CFA2B2C5B4D0091D200 /* PackageCost.swift */ = {isa = PBXFileReference; lastKnownFileType = sourcecode.swift; path = PackageCost.swift; sourceTree = "<group>"; };
		5ECFDFBF2B3025940009A6B9 /* ErrorHandler.swift */ = {isa = PBXFileReference; lastKnownFileType = sourcecode.swift; path = ErrorHandler.swift; sourceTree = "<group>"; };
		5ECFDFC12B3026B10009A6B9 /* MockErrorHandler.swift */ = {isa = PBXFileReference; lastKnownFileType = sourcecode.swift; path = MockErrorHandler.swift; sourceTree = "<group>"; };
		5ECFDFC82B3038880009A6B9 /* MockDiscountManager.swift */ = {isa = PBXFileReference; lastKnownFileType = sourcecode.swift; path = MockDiscountManager.swift; sourceTree = "<group>"; };
		5ECFDFCA2B3038960009A6B9 /* DiscountManager.swift */ = {isa = PBXFileReference; lastKnownFileType = sourcecode.swift; path = DiscountManager.swift; sourceTree = "<group>"; };
		5ECFDFCD2B303C610009A6B9 /* DiscountManagerTests.swift */ = {isa = PBXFileReference; lastKnownFileType = sourcecode.swift; path = DiscountManagerTests.swift; sourceTree = "<group>"; };
		5ECFDFCF2B304E490009A6B9 /* CostManagerTests.swift */ = {isa = PBXFileReference; lastKnownFileType = sourcecode.swift; path = CostManagerTests.swift; sourceTree = "<group>"; };
		5ECFDFD12B304EAD0009A6B9 /* CostManager.swift */ = {isa = PBXFileReference; lastKnownFileType = sourcecode.swift; path = CostManager.swift; sourceTree = "<group>"; };
/* End PBXFileReference section */

/* Begin PBXFrameworksBuildPhase section */
		5E2A3CDD2B2B68390091D200 /* Frameworks */ = {
			isa = PBXFrameworksBuildPhase;
			buildActionMask = 2147483647;
			files = (
			);
			runOnlyForDeploymentPostprocessing = 0;
		};
		5E2A3CEB2B2B68520091D200 /* Frameworks */ = {
			isa = PBXFrameworksBuildPhase;
			buildActionMask = 2147483647;
			files = (
			);
			runOnlyForDeploymentPostprocessing = 0;
		};
/* End PBXFrameworksBuildPhase section */

/* Begin PBXGroup section */
		5E2A3CD72B2B68390091D200 = {
			isa = PBXGroup;
			children = (
				5E2A3CE22B2B68390091D200 /* EverestPackageDeliveryCLI */,
				5E2A3CEF2B2B68520091D200 /* EverestPackageDeliveryCLITests */,
				5E2A3CE12B2B68390091D200 /* Products */,
			);
			sourceTree = "<group>";
		};
		5E2A3CE12B2B68390091D200 /* Products */ = {
			isa = PBXGroup;
			children = (
				5E2A3CE02B2B68390091D200 /* EverestPackageDeliveryCLI */,
				5E2A3CEE2B2B68520091D200 /* EverestPackageDeliveryCLITests.xctest */,
			);
			name = Products;
			sourceTree = "<group>";
		};
		5E2A3CE22B2B68390091D200 /* EverestPackageDeliveryCLI */ = {
			isa = PBXGroup;
			children = (
				5E2A3CF52B2C584E0091D200 /* Models */,
				5E2A3CE32B2B68390091D200 /* main.swift */,
				5ECFDFBF2B3025940009A6B9 /* ErrorHandler.swift */,
				5ECFDFCA2B3038960009A6B9 /* DiscountManager.swift */,
				5ECFDFD12B304EAD0009A6B9 /* CostManager.swift */,
			);
			path = EverestPackageDeliveryCLI;
			sourceTree = "<group>";
		};
		5E2A3CEF2B2B68520091D200 /* EverestPackageDeliveryCLITests */ = {
			isa = PBXGroup;
			children = (
				5ECFDFC72B3030540009A6B9 /* Mocks */,
				5E2A3CF02B2B68520091D200 /* PackageDeliveryTests.swift */,
				5ECFDFCD2B303C610009A6B9 /* DiscountManagerTests.swift */,
				5ECFDFCF2B304E490009A6B9 /* CostManagerTests.swift */,
			);
			path = EverestPackageDeliveryCLITests;
			sourceTree = "<group>";
		};
		5E2A3CF52B2C584E0091D200 /* Models */ = {
			isa = PBXGroup;
			children = (
				5E2A3CF62B2C587D0091D200 /* Offer.swift */,
				5E2A3CF82B2C58AF0091D200 /* PackageInfo.swift */,
				5E2A3CFA2B2C5B4D0091D200 /* PackageCost.swift */,
			);
			path = Models;
			sourceTree = "<group>";
		};
		5ECFDFC72B3030540009A6B9 /* Mocks */ = {
			isa = PBXGroup;
			children = (
				5ECFDFC12B3026B10009A6B9 /* MockErrorHandler.swift */,
				5ECFDFC82B3038880009A6B9 /* MockDiscountManager.swift */,
			);
			path = Mocks;
			sourceTree = "<group>";
		};
/* End PBXGroup section */

/* Begin PBXNativeTarget section */
		5E2A3CDF2B2B68390091D200 /* EverestPackageDeliveryCLI */ = {
			isa = PBXNativeTarget;
			buildConfigurationList = 5E2A3CE72B2B68390091D200 /* Build configuration list for PBXNativeTarget "EverestPackageDeliveryCLI" */;
			buildPhases = (
				5E2A3CDC2B2B68390091D200 /* Sources */,
				5E2A3CDD2B2B68390091D200 /* Frameworks */,
				5E2A3CDE2B2B68390091D200 /* CopyFiles */,
			);
			buildRules = (
			);
			dependencies = (
			);
			name = EverestPackageDeliveryCLI;
			productName = EverestPackageDeliveryCLI;
			productReference = 5E2A3CE02B2B68390091D200 /* EverestPackageDeliveryCLI */;
			productType = "com.apple.product-type.tool";
		};
		5E2A3CED2B2B68520091D200 /* EverestPackageDeliveryCLITests */ = {
			isa = PBXNativeTarget;
			buildConfigurationList = 5E2A3CF22B2B68520091D200 /* Build configuration list for PBXNativeTarget "EverestPackageDeliveryCLITests" */;
			buildPhases = (
				5E2A3CEA2B2B68520091D200 /* Sources */,
				5E2A3CEB2B2B68520091D200 /* Frameworks */,
				5E2A3CEC2B2B68520091D200 /* Resources */,
			);
			buildRules = (
			);
			dependencies = (
				5E2A3CFD2B2FE7AF0091D200 /* PBXTargetDependency */,
			);
			name = EverestPackageDeliveryCLITests;
			productName = EverestPackageDeliveryCLITests;
			productReference = 5E2A3CEE2B2B68520091D200 /* EverestPackageDeliveryCLITests.xctest */;
			productType = "com.apple.product-type.bundle.unit-test";
		};
/* End PBXNativeTarget section */

/* Begin PBXProject section */
		5E2A3CD82B2B68390091D200 /* Project object */ = {
			isa = PBXProject;
			attributes = {
				BuildIndependentTargetsInParallel = 1;
				LastSwiftUpdateCheck = 1500;
				LastUpgradeCheck = 1500;
				TargetAttributes = {
					5E2A3CDF2B2B68390091D200 = {
						CreatedOnToolsVersion = 15.0;
					};
					5E2A3CED2B2B68520091D200 = {
						CreatedOnToolsVersion = 15.0;
					};
				};
			};
			buildConfigurationList = 5E2A3CDB2B2B68390091D200 /* Build configuration list for PBXProject "EverestPackageDeliveryCLI" */;
			compatibilityVersion = "Xcode 14.0";
			developmentRegion = en;
			hasScannedForEncodings = 0;
			knownRegions = (
				en,
				Base,
			);
			mainGroup = 5E2A3CD72B2B68390091D200;
			productRefGroup = 5E2A3CE12B2B68390091D200 /* Products */;
			projectDirPath = "";
			projectRoot = "";
			targets = (
				5E2A3CDF2B2B68390091D200 /* EverestPackageDeliveryCLI */,
				5E2A3CED2B2B68520091D200 /* EverestPackageDeliveryCLITests */,
			);
		};
/* End PBXProject section */

/* Begin PBXResourcesBuildPhase section */
		5E2A3CEC2B2B68520091D200 /* Resources */ = {
			isa = PBXResourcesBuildPhase;
			buildActionMask = 2147483647;
			files = (
			);
			runOnlyForDeploymentPostprocessing = 0;
		};
/* End PBXResourcesBuildPhase section */

/* Begin PBXSourcesBuildPhase section */
		5E2A3CDC2B2B68390091D200 /* Sources */ = {
			isa = PBXSourcesBuildPhase;
			buildActionMask = 2147483647;
			files = (
				5ECFDFD22B304EAD0009A6B9 /* CostManager.swift in Sources */,
				5E2A3CF92B2C58AF0091D200 /* PackageInfo.swift in Sources */,
				5E2A3CFB2B2C5B4D0091D200 /* PackageCost.swift in Sources */,
				5ECFDFC02B3025940009A6B9 /* ErrorHandler.swift in Sources */,
				5E2A3CF72B2C587D0091D200 /* Offer.swift in Sources */,
				5ECFDFCB2B3038960009A6B9 /* DiscountManager.swift in Sources */,
				5E2A3CE42B2B68390091D200 /* main.swift in Sources */,
			);
			runOnlyForDeploymentPostprocessing = 0;
		};
		5E2A3CEA2B2B68520091D200 /* Sources */ = {
			isa = PBXSourcesBuildPhase;
			buildActionMask = 2147483647;
			files = (
				5ECFDFCE2B303C610009A6B9 /* DiscountManagerTests.swift in Sources */,
				5ECFDFD02B304E490009A6B9 /* CostManagerTests.swift in Sources */,
				5ECFDFC22B3026B10009A6B9 /* MockErrorHandler.swift in Sources */,
				5ECFDFCC2B303AA30009A6B9 /* DiscountManager.swift in Sources */,
				5ECFDFC32B3026B90009A6B9 /* ErrorHandler.swift in Sources */,
				5ECFDFC92B3038880009A6B9 /* MockDiscountManager.swift in Sources */,
				5ECFDFD32B304EAD0009A6B9 /* CostManager.swift in Sources */,
				5ECFDFB72B2FE98B0009A6B9 /* main.swift in Sources */,
				5E2A3CF12B2B68520091D200 /* PackageDeliveryTests.swift in Sources */,
				5ECFDFC62B3026BF0009A6B9 /* PackageCost.swift in Sources */,
				5ECFDFC52B3026BE0009A6B9 /* PackageInfo.swift in Sources */,
				5ECFDFC42B3026BC0009A6B9 /* Offer.swift in Sources */,
			);
			runOnlyForDeploymentPostprocessing = 0;
		};
/* End PBXSourcesBuildPhase section */

/* Begin PBXTargetDependency section */
		5E2A3CFD2B2FE7AF0091D200 /* PBXTargetDependency */ = {
			isa = PBXTargetDependency;
			target = 5E2A3CDF2B2B68390091D200 /* EverestPackageDeliveryCLI */;
			targetProxy = 5E2A3CFC2B2FE7AF0091D200 /* PBXContainerItemProxy */;
		};
/* End PBXTargetDependency section */

/* Begin XCBuildConfiguration section */
		5E2A3CE52B2B68390091D200 /* Debug */ = {
			isa = XCBuildConfiguration;
			buildSettings = {
				ALWAYS_SEARCH_USER_PATHS = NO;
				ASSETCATALOG_COMPILER_GENERATE_SWIFT_ASSET_SYMBOL_EXTENSIONS = YES;
				CLANG_ANALYZER_NONNULL = YES;
				CLANG_ANALYZER_NUMBER_OBJECT_CONVERSION = YES_AGGRESSIVE;
				CLANG_CXX_LANGUAGE_STANDARD = "gnu++20";
				CLANG_ENABLE_MODULES = YES;
				CLANG_ENABLE_OBJC_ARC = YES;
				CLANG_ENABLE_OBJC_WEAK = YES;
				CLANG_WARN_BLOCK_CAPTURE_AUTORELEASING = YES;
				CLANG_WARN_BOOL_CONVERSION = YES;
				CLANG_WARN_COMMA = YES;
				CLANG_WARN_CONSTANT_CONVERSION = YES;
				CLANG_WARN_DEPRECATED_OBJC_IMPLEMENTATIONS = YES;
				CLANG_WARN_DIRECT_OBJC_ISA_USAGE = YES_ERROR;
				CLANG_WARN_DOCUMENTATION_COMMENTS = YES;
				CLANG_WARN_EMPTY_BODY = YES;
				CLANG_WARN_ENUM_CONVERSION = YES;
				CLANG_WARN_INFINITE_RECURSION = YES;
				CLANG_WARN_INT_CONVERSION = YES;
				CLANG_WARN_NON_LITERAL_NULL_CONVERSION = YES;
				CLANG_WARN_OBJC_IMPLICIT_RETAIN_SELF = YES;
				CLANG_WARN_OBJC_LITERAL_CONVERSION = YES;
				CLANG_WARN_OBJC_ROOT_CLASS = YES_ERROR;
				CLANG_WARN_QUOTED_INCLUDE_IN_FRAMEWORK_HEADER = YES;
				CLANG_WARN_RANGE_LOOP_ANALYSIS = YES;
				CLANG_WARN_STRICT_PROTOTYPES = YES;
				CLANG_WARN_SUSPICIOUS_MOVE = YES;
				CLANG_WARN_UNGUARDED_AVAILABILITY = YES_AGGRESSIVE;
				CLANG_WARN_UNREACHABLE_CODE = YES;
				CLANG_WARN__DUPLICATE_METHOD_MATCH = YES;
				COPY_PHASE_STRIP = NO;
				DEBUG_INFORMATION_FORMAT = dwarf;
				ENABLE_STRICT_OBJC_MSGSEND = YES;
				ENABLE_TESTABILITY = YES;
				ENABLE_USER_SCRIPT_SANDBOXING = YES;
				GCC_C_LANGUAGE_STANDARD = gnu17;
				GCC_DYNAMIC_NO_PIC = NO;
				GCC_NO_COMMON_BLOCKS = YES;
				GCC_OPTIMIZATION_LEVEL = 0;
				GCC_PREPROCESSOR_DEFINITIONS = (
					"DEBUG=1",
					"$(inherited)",
				);
				GCC_WARN_64_TO_32_BIT_CONVERSION = YES;
				GCC_WARN_ABOUT_RETURN_TYPE = YES_ERROR;
				GCC_WARN_UNDECLARED_SELECTOR = YES;
				GCC_WARN_UNINITIALIZED_AUTOS = YES_AGGRESSIVE;
				GCC_WARN_UNUSED_FUNCTION = YES;
				GCC_WARN_UNUSED_VARIABLE = YES;
				LOCALIZATION_PREFERS_STRING_CATALOGS = YES;
				MACOSX_DEPLOYMENT_TARGET = 14.0;
				MTL_ENABLE_DEBUG_INFO = INCLUDE_SOURCE;
				MTL_FAST_MATH = YES;
				ONLY_ACTIVE_ARCH = YES;
				SDKROOT = macosx;
				SWIFT_ACTIVE_COMPILATION_CONDITIONS = "DEBUG $(inherited)";
				SWIFT_OPTIMIZATION_LEVEL = "-Onone";
			};
			name = Debug;
		};
		5E2A3CE62B2B68390091D200 /* Release */ = {
			isa = XCBuildConfiguration;
			buildSettings = {
				ALWAYS_SEARCH_USER_PATHS = NO;
				ASSETCATALOG_COMPILER_GENERATE_SWIFT_ASSET_SYMBOL_EXTENSIONS = YES;
				CLANG_ANALYZER_NONNULL = YES;
				CLANG_ANALYZER_NUMBER_OBJECT_CONVERSION = YES_AGGRESSIVE;
				CLANG_CXX_LANGUAGE_STANDARD = "gnu++20";
				CLANG_ENABLE_MODULES = YES;
				CLANG_ENABLE_OBJC_ARC = YES;
				CLANG_ENABLE_OBJC_WEAK = YES;
				CLANG_WARN_BLOCK_CAPTURE_AUTORELEASING = YES;
				CLANG_WARN_BOOL_CONVERSION = YES;
				CLANG_WARN_COMMA = YES;
				CLANG_WARN_CONSTANT_CONVERSION = YES;
				CLANG_WARN_DEPRECATED_OBJC_IMPLEMENTATIONS = YES;
				CLANG_WARN_DIRECT_OBJC_ISA_USAGE = YES_ERROR;
				CLANG_WARN_DOCUMENTATION_COMMENTS = YES;
				CLANG_WARN_EMPTY_BODY = YES;
				CLANG_WARN_ENUM_CONVERSION = YES;
				CLANG_WARN_INFINITE_RECURSION = YES;
				CLANG_WARN_INT_CONVERSION = YES;
				CLANG_WARN_NON_LITERAL_NULL_CONVERSION = YES;
				CLANG_WARN_OBJC_IMPLICIT_RETAIN_SELF = YES;
				CLANG_WARN_OBJC_LITERAL_CONVERSION = YES;
				CLANG_WARN_OBJC_ROOT_CLASS = YES_ERROR;
				CLANG_WARN_QUOTED_INCLUDE_IN_FRAMEWORK_HEADER = YES;
				CLANG_WARN_RANGE_LOOP_ANALYSIS = YES;
				CLANG_WARN_STRICT_PROTOTYPES = YES;
				CLANG_WARN_SUSPICIOUS_MOVE = YES;
				CLANG_WARN_UNGUARDED_AVAILABILITY = YES_AGGRESSIVE;
				CLANG_WARN_UNREACHABLE_CODE = YES;
				CLANG_WARN__DUPLICATE_METHOD_MATCH = YES;
				COPY_PHASE_STRIP = NO;
				DEBUG_INFORMATION_FORMAT = "dwarf-with-dsym";
				ENABLE_NS_ASSERTIONS = NO;
				ENABLE_STRICT_OBJC_MSGSEND = YES;
				ENABLE_USER_SCRIPT_SANDBOXING = YES;
				GCC_C_LANGUAGE_STANDARD = gnu17;
				GCC_NO_COMMON_BLOCKS = YES;
				GCC_WARN_64_TO_32_BIT_CONVERSION = YES;
				GCC_WARN_ABOUT_RETURN_TYPE = YES_ERROR;
				GCC_WARN_UNDECLARED_SELECTOR = YES;
				GCC_WARN_UNINITIALIZED_AUTOS = YES_AGGRESSIVE;
				GCC_WARN_UNUSED_FUNCTION = YES;
				GCC_WARN_UNUSED_VARIABLE = YES;
				LOCALIZATION_PREFERS_STRING_CATALOGS = YES;
				MACOSX_DEPLOYMENT_TARGET = 14.0;
				MTL_ENABLE_DEBUG_INFO = NO;
				MTL_FAST_MATH = YES;
				SDKROOT = macosx;
				SWIFT_COMPILATION_MODE = wholemodule;
			};
			name = Release;
		};
		5E2A3CE82B2B68390091D200 /* Debug */ = {
			isa = XCBuildConfiguration;
			buildSettings = {
				CODE_SIGN_STYLE = Automatic;
				DEVELOPMENT_TEAM = 8NM54NQ7DU;
				ENABLE_HARDENED_RUNTIME = YES;
				OTHER_SWIFT_FLAGS = "";
				PRODUCT_NAME = "$(TARGET_NAME)";
				SWIFT_VERSION = 5.0;
			};
			name = Debug;
		};
		5E2A3CE92B2B68390091D200 /* Release */ = {
			isa = XCBuildConfiguration;
			buildSettings = {
				CODE_SIGN_STYLE = Automatic;
				DEVELOPMENT_TEAM = 8NM54NQ7DU;
				ENABLE_HARDENED_RUNTIME = YES;
				OTHER_SWIFT_FLAGS = "";
				PRODUCT_NAME = "$(TARGET_NAME)";
				SWIFT_VERSION = 5.0;
			};
			name = Release;
		};
		5E2A3CF32B2B68520091D200 /* Debug */ = {
			isa = XCBuildConfiguration;
			buildSettings = {
				CODE_SIGN_STYLE = Automatic;
				CURRENT_PROJECT_VERSION = 1;
				DEVELOPMENT_TEAM = 8NM54NQ7DU;
				GENERATE_INFOPLIST_FILE = YES;
				IPHONEOS_DEPLOYMENT_TARGET = 17.0;
				MACOSX_DEPLOYMENT_TARGET = 14.0;
				MARKETING_VERSION = 1.0;
				PRODUCT_BUNDLE_IDENTIFIER = com.rachelfpy.EverestPackageDeliveryCLITests;
				PRODUCT_NAME = "$(TARGET_NAME)";
				SDKROOT = auto;
				SUPPORTED_PLATFORMS = "iphoneos iphonesimulator macosx";
				SWIFT_EMIT_LOC_STRINGS = NO;
				SWIFT_VERSION = 5.0;
				TARGETED_DEVICE_FAMILY = "1,2";
			};
			name = Debug;
		};
		5E2A3CF42B2B68520091D200 /* Release */ = {
			isa = XCBuildConfiguration;
			buildSettings = {
				CODE_SIGN_STYLE = Automatic;
				CURRENT_PROJECT_VERSION = 1;
				DEVELOPMENT_TEAM = 8NM54NQ7DU;
				GENERATE_INFOPLIST_FILE = YES;
				IPHONEOS_DEPLOYMENT_TARGET = 17.0;
				MACOSX_DEPLOYMENT_TARGET = 14.0;
				MARKETING_VERSION = 1.0;
				PRODUCT_BUNDLE_IDENTIFIER = com.rachelfpy.EverestPackageDeliveryCLITests;
				PRODUCT_NAME = "$(TARGET_NAME)";
				SDKROOT = auto;
				SUPPORTED_PLATFORMS = "iphoneos iphonesimulator macosx";
				SWIFT_EMIT_LOC_STRINGS = NO;
				SWIFT_VERSION = 5.0;
				TARGETED_DEVICE_FAMILY = "1,2";
			};
			name = Release;
		};
		5ECFDFBC2B30222F0009A6B9 /* Test */ = {
			isa = XCBuildConfiguration;
			buildSettings = {
				ALWAYS_SEARCH_USER_PATHS = NO;
				ASSETCATALOG_COMPILER_GENERATE_SWIFT_ASSET_SYMBOL_EXTENSIONS = YES;
				CLANG_ANALYZER_NONNULL = YES;
				CLANG_ANALYZER_NUMBER_OBJECT_CONVERSION = YES_AGGRESSIVE;
				CLANG_CXX_LANGUAGE_STANDARD = "gnu++20";
				CLANG_ENABLE_MODULES = YES;
				CLANG_ENABLE_OBJC_ARC = YES;
				CLANG_ENABLE_OBJC_WEAK = YES;
				CLANG_WARN_BLOCK_CAPTURE_AUTORELEASING = YES;
				CLANG_WARN_BOOL_CONVERSION = YES;
				CLANG_WARN_COMMA = YES;
				CLANG_WARN_CONSTANT_CONVERSION = YES;
				CLANG_WARN_DEPRECATED_OBJC_IMPLEMENTATIONS = YES;
				CLANG_WARN_DIRECT_OBJC_ISA_USAGE = YES_ERROR;
				CLANG_WARN_DOCUMENTATION_COMMENTS = YES;
				CLANG_WARN_EMPTY_BODY = YES;
				CLANG_WARN_ENUM_CONVERSION = YES;
				CLANG_WARN_INFINITE_RECURSION = YES;
				CLANG_WARN_INT_CONVERSION = YES;
				CLANG_WARN_NON_LITERAL_NULL_CONVERSION = YES;
				CLANG_WARN_OBJC_IMPLICIT_RETAIN_SELF = YES;
				CLANG_WARN_OBJC_LITERAL_CONVERSION = YES;
				CLANG_WARN_OBJC_ROOT_CLASS = YES_ERROR;
				CLANG_WARN_QUOTED_INCLUDE_IN_FRAMEWORK_HEADER = YES;
				CLANG_WARN_RANGE_LOOP_ANALYSIS = YES;
				CLANG_WARN_STRICT_PROTOTYPES = YES;
				CLANG_WARN_SUSPICIOUS_MOVE = YES;
				CLANG_WARN_UNGUARDED_AVAILABILITY = YES_AGGRESSIVE;
				CLANG_WARN_UNREACHABLE_CODE = YES;
				CLANG_WARN__DUPLICATE_METHOD_MATCH = YES;
				COPY_PHASE_STRIP = NO;
				DEBUG_INFORMATION_FORMAT = dwarf;
				ENABLE_STRICT_OBJC_MSGSEND = YES;
				ENABLE_TESTABILITY = YES;
				ENABLE_USER_SCRIPT_SANDBOXING = YES;
				GCC_C_LANGUAGE_STANDARD = gnu17;
				GCC_DYNAMIC_NO_PIC = NO;
				GCC_NO_COMMON_BLOCKS = YES;
				GCC_OPTIMIZATION_LEVEL = 0;
				GCC_PREPROCESSOR_DEFINITIONS = (
					"DEBUG=1",
					"$(inherited)",
				);
				GCC_WARN_64_TO_32_BIT_CONVERSION = YES;
				GCC_WARN_ABOUT_RETURN_TYPE = YES_ERROR;
				GCC_WARN_UNDECLARED_SELECTOR = YES;
				GCC_WARN_UNINITIALIZED_AUTOS = YES_AGGRESSIVE;
				GCC_WARN_UNUSED_FUNCTION = YES;
				GCC_WARN_UNUSED_VARIABLE = YES;
				LOCALIZATION_PREFERS_STRING_CATALOGS = YES;
				MACOSX_DEPLOYMENT_TARGET = 14.0;
				MTL_ENABLE_DEBUG_INFO = INCLUDE_SOURCE;
				MTL_FAST_MATH = YES;
				ONLY_ACTIVE_ARCH = YES;
				SDKROOT = macosx;
				SWIFT_ACTIVE_COMPILATION_CONDITIONS = TEST;
				SWIFT_OPTIMIZATION_LEVEL = "-Onone";
			};
			name = Test;
		};
		5ECFDFBD2B30222F0009A6B9 /* Test */ = {
			isa = XCBuildConfiguration;
			buildSettings = {
				CODE_SIGN_STYLE = Automatic;
				DEVELOPMENT_TEAM = 8NM54NQ7DU;
				ENABLE_HARDENED_RUNTIME = YES;
				OTHER_SWIFT_FLAGS = "";
				PRODUCT_NAME = "$(TARGET_NAME)";
				SWIFT_ACTIVE_COMPILATION_CONDITIONS = TEST;
				SWIFT_VERSION = 5.0;
			};
			name = Test;
		};
		5ECFDFBE2B30222F0009A6B9 /* Test */ = {
			isa = XCBuildConfiguration;
			buildSettings = {
				CODE_SIGN_STYLE = Automatic;
				CURRENT_PROJECT_VERSION = 1;
				DEVELOPMENT_TEAM = 8NM54NQ7DU;
				GENERATE_INFOPLIST_FILE = YES;
				IPHONEOS_DEPLOYMENT_TARGET = 17.0;
				MACOSX_DEPLOYMENT_TARGET = 14.0;
				MARKETING_VERSION = 1.0;
				PRODUCT_BUNDLE_IDENTIFIER = com.rachelfpy.EverestPackageDeliveryCLITests;
				PRODUCT_NAME = "$(TARGET_NAME)";
				SDKROOT = auto;
				SUPPORTED_PLATFORMS = "iphoneos iphonesimulator macosx";
				SWIFT_EMIT_LOC_STRINGS = NO;
				SWIFT_VERSION = 5.0;
				TARGETED_DEVICE_FAMILY = "1,2";
			};
			name = Test;
		};
/* End XCBuildConfiguration section */

/* Begin XCConfigurationList section */
		5E2A3CDB2B2B68390091D200 /* Build configuration list for PBXProject "EverestPackageDeliveryCLI" */ = {
			isa = XCConfigurationList;
			buildConfigurations = (
				5E2A3CE52B2B68390091D200 /* Debug */,
				5ECFDFBC2B30222F0009A6B9 /* Test */,
				5E2A3CE62B2B68390091D200 /* Release */,
			);
			defaultConfigurationIsVisible = 0;
			defaultConfigurationName = Release;
		};
		5E2A3CE72B2B68390091D200 /* Build configuration list for PBXNativeTarget "EverestPackageDeliveryCLI" */ = {
			isa = XCConfigurationList;
			buildConfigurations = (
				5E2A3CE82B2B68390091D200 /* Debug */,
				5ECFDFBD2B30222F0009A6B9 /* Test */,
				5E2A3CE92B2B68390091D200 /* Release */,
			);
			defaultConfigurationIsVisible = 0;
			defaultConfigurationName = Release;
		};
		5E2A3CF22B2B68520091D200 /* Build configuration list for PBXNativeTarget "EverestPackageDeliveryCLITests" */ = {
			isa = XCConfigurationList;
			buildConfigurations = (
				5E2A3CF32B2B68520091D200 /* Debug */,
				5ECFDFBE2B30222F0009A6B9 /* Test */,
				5E2A3CF42B2B68520091D200 /* Release */,
			);
			defaultConfigurationIsVisible = 0;
			defaultConfigurationName = Release;
		};
/* End XCConfigurationList section */
	};
	rootObject = 5E2A3CD82B2B68390091D200 /* Project object */;
}
